{
  "name": "shadowtester",
  "version": "1.0.0",
  "lockfileVersion": 2,
  "requires": true,
  "packages": {
    "": {
      "version": "1.0.0",
      "license": "ISC",
      "dependencies": {
        "shadow2": "^1.0.0"
      }
    },
    "node_modules/shadow2": {
      "version": "1.0.0",
      "resolved": "https://registry.npmjs.org/shadow2/-/shadow2-1.0.0.tgz",
      "integrity": "sha512-lz2z2gU2AI1hd/i8RNU4hLxVfK9xlbWPsjKkq1g3U+oDkpnf1ICvm4+qBweTsUqlVFUWC+EQQDSARrvvzjEibg=="
    }
  },
  "dependencies": {
    "shadow2": {
      "version": "1.0.0",
      "resolved": "https://registry.npmjs.org/shadow2/-/shadow2-1.0.0.tgz",
      "integrity": "sha512-lz2z2gU2AI1hd/i8RNU4hLxVfK9xlbWPsjKkq1g3U+oDkpnf1ICvm4+qBweTsUqlVFUWC+EQQDSARrvvzjEibg=="
    }
  }
}
